
Microsoft Visual Studio Solution File, Format Version 12.00
# Visual Studio Version 16
VisualStudioVersion = 16.0.31911.196
MinimumVisualStudioVersion = 10.0.40219.1
Project("{9A19103F-16F7-4668-BE54-9A1E7A4F7556}") = "PagesMovie", "PagesMovie\PagesMovie.csproj", "{FB43D82B-BA7B-471A-A41D-945FB3E722CB}"
EndProject
Global
	GlobalSection(SolutionConfigurationPlatforms) = preSolution
		Debug|Any CPU = Debug|Any CPU
		Release|Any CPU = Release|Any CPU
	EndGlobalSection
	GlobalSection(ProjectConfigurationPlatforms) = postSolution
		{FB43D82B-BA7B-471A-A41D-945FB3E722CB}.Debug|Any CPU.ActiveCfg = Debug|Any CPU
		{FB43D82B-BA7B-471A-A41D-945FB3E722CB}.Debug|Any CPU.Build.0 = Debug|Any CPU
		{FB43D82B-BA7B-471A-A41D-945FB3E722CB}.Release|Any CPU.ActiveCfg = Release|Any CPU
		{FB43D82B-BA7B-471A-A41D-945FB3E722CB}.Release|Any CPU.Build.0 = Release|Any CPU
	EndGlobalSection
	GlobalSection(SolutionProperties) = preSolution
		HideSolutionNode = FALSE
	EndGlobalSection
	GlobalSection(ExtensibilityGlobals) = postSolution
		SolutionGuid = {BE419B2C-A156-4F0F-AB6D-5DC55CF4125A}
	EndGlobalSection
EndGlobal
